
Microsoft Visual Studio Solution File, Format Version 12.00
# Visual Studio 14
VisualStudioVersion = 14.0.24720.0
MinimumVisualStudioVersion = 10.0.40219.1
Project("{FAE04EC0-301F-11D3-BF4B-00C04F79EFBC}") = "rrcd2anki", "rrcd2anki\rrcd2anki.csproj", "{3CC9D2A1-524D-4DB3-97BB-9E6765652452}"
EndProject
Global
	GlobalSection(SolutionConfigurationPlatforms) = preSolution
		Debug|Any CPU = Debug|Any CPU
		Release|Any CPU = Release|Any CPU
	EndGlobalSection
	GlobalSection(ProjectConfigurationPlatforms) = postSolution
		{3CC9D2A1-524D-4DB3-97BB-9E6765652452}.Debug|Any CPU.ActiveCfg = Debug|Any CPU
		{3CC9D2A1-524D-4DB3-97BB-9E6765652452}.Debug|Any CPU.Build.0 = Debug|Any CPU
		{3CC9D2A1-524D-4DB3-97BB-9E6765652452}.Release|Any CPU.ActiveCfg = Release|Any CPU
		{3CC9D2A1-524D-4DB3-97BB-9E6765652452}.Release|Any CPU.Build.0 = Release|Any CPU
	EndGlobalSection
	GlobalSection(SolutionProperties) = preSolution
		HideSolutionNode = FALSE
	EndGlobalSection
EndGlobal
